
Microsoft Visual Studio Solution File, Format Version 12.00
# Visual Studio Version 17
VisualStudioVersion = 17.7.34031.279
MinimumVisualStudioVersion = 10.0.40219.1
Project("{9A19103F-16F7-4668-BE54-9A1E7A4F7556}") = "Blog", "Blog.csproj", "{166561DB-716D-4E25-8846-2802EA0C923C}"
EndProject
Global
	GlobalSection(SolutionConfigurationPlatforms) = preSolution
		Debug|Any CPU = Debug|Any CPU
		Release|Any CPU = Release|Any CPU
	EndGlobalSection
	GlobalSection(ProjectConfigurationPlatforms) = postSolution
		{166561DB-716D-4E25-8846-2802EA0C923C}.Debug|Any CPU.ActiveCfg = Debug|Any CPU
		{166561DB-716D-4E25-8846-2802EA0C923C}.Debug|Any CPU.Build.0 = Debug|Any CPU
		{166561DB-716D-4E25-8846-2802EA0C923C}.Release|Any CPU.ActiveCfg = Release|Any CPU
		{166561DB-716D-4E25-8846-2802EA0C923C}.Release|Any CPU.Build.0 = Release|Any CPU
	EndGlobalSection
	GlobalSection(SolutionProperties) = preSolution
		HideSolutionNode = FALSE
	EndGlobalSection
	GlobalSection(ExtensibilityGlobals) = postSolution
		SolutionGuid = {585D54AC-EB7D-4BCB-8F3B-6471052E7444}
	EndGlobalSection
EndGlobal
